{
    "name": "swc-return-type-repr",
    "version": "0.1.0",
    "lockfileVersion": 3,
    "requires": true,
    "packages": {
        "": {
            "name": "swc-return-type-repr",
            "version": "0.1.0",
            "license": "ISC",
            "dependencies": {
                "@swc/core": "^1.3.92"
            }
        },
        "node_modules/@swc/core": {
            "version": "1.3.92",
            "resolved": "https://registry.npmjs.org/@swc/core/-/core-1.3.92.tgz",
            "integrity": "sha512-vx0vUrf4YTEw59njOJ46Ha5i0cZTMYdRHQ7KXU29efN1MxcmJH2RajWLPlvQarOP1ab9iv9cApD7SMchDyx2vA==",
            "hasInstallScript": true,
            "dependencies": {
                "@swc/counter": "^0.1.1",
                "@swc/types": "^0.1.5"
            },
            "engines": {
                "node": ">=10"
            },
            "funding": {
                "type": "opencollective",
                "url": "https://opencollective.com/swc"
            },
            "optionalDependencies": {
                "@swc/core-darwin-arm64": "1.3.92",
                "@swc/core-darwin-x64": "1.3.92",
                "@swc/core-linux-arm-gnueabihf": "1.3.92",
                "@swc/core-linux-arm64-gnu": "1.3.92",
                "@swc/core-linux-arm64-musl": "1.3.92",
                "@swc/core-linux-x64-gnu": "1.3.92",
                "@swc/core-linux-x64-musl": "1.3.92",
                "@swc/core-win32-arm64-msvc": "1.3.92",
                "@swc/core-win32-ia32-msvc": "1.3.92",
                "@swc/core-win32-x64-msvc": "1.3.92"
            },
            "peerDependencies": {
                "@swc/helpers": "^0.5.0"
            },
            "peerDependenciesMeta": {
                "@swc/helpers": {
                    "optional": true
                }
            }
        },
        "node_modules/@swc/core-darwin-arm64": {
            "version": "1.3.92",
            "resolved": "https://registry.npmjs.org/@swc/core-darwin-arm64/-/core-darwin-arm64-1.3.92.tgz",
            "integrity": "sha512-v7PqZUBtIF6Q5Cp48gqUiG8zQQnEICpnfNdoiY3xjQAglCGIQCjJIDjreZBoeZQZspB27lQN4eZ43CX18+2SnA==",
            "cpu": [
                "arm64"
            ],
            "optional": true,
            "os": [
                "darwin"
            ],
            "engines": {
                "node": ">=10"
            }
        },
        "node_modules/@swc/core-darwin-x64": {
            "version": "1.3.92",
            "resolved": "https://registry.npmjs.org/@swc/core-darwin-x64/-/core-darwin-x64-1.3.92.tgz",
            "integrity": "sha512-Q3XIgQfXyxxxms3bPN+xGgvwk0TtG9l89IomApu+yTKzaIIlf051mS+lGngjnh9L0aUiCp6ICyjDLtutWP54fw==",
            "cpu": [
                "x64"
            ],
            "optional": true,
            "os": [
                "darwin"
            ],
            "engines": {
                "node": ">=10"
            }
        },
        "node_modules/@swc/core-linux-arm-gnueabihf": {
            "version": "1.3.92",
            "resolved": "https://registry.npmjs.org/@swc/core-linux-arm-gnueabihf/-/core-linux-arm-gnueabihf-1.3.92.tgz",
            "integrity": "sha512-tnOCoCpNVXC+0FCfG84PBZJyLlz0Vfj9MQhyhCvlJz9hQmvpf8nTdKH7RHrOn8VfxtUBLdVi80dXgIFgbvl7qA==",
            "cpu": [
                "arm"
            ],
            "optional": true,
            "os": [
                "linux"
            ],
            "engines": {
                "node": ">=10"
            }
        },
        "node_modules/@swc/core-linux-arm64-gnu": {
            "version": "1.3.92",
            "resolved": "https://registry.npmjs.org/@swc/core-linux-arm64-gnu/-/core-linux-arm64-gnu-1.3.92.tgz",
            "integrity": "sha512-lFfGhX32w8h1j74Iyz0Wv7JByXIwX11OE9UxG+oT7lG0RyXkF4zKyxP8EoxfLrDXse4Oop434p95e3UNC3IfCw==",
            "cpu": [
                "arm64"
            ],
            "optional": true,
            "os": [
                "linux"
            ],
            "engines": {
                "node": ">=10"
            }
        },
        "node_modules/@swc/core-linux-arm64-musl": {
            "version": "1.3.92",
            "resolved": "https://registry.npmjs.org/@swc/core-linux-arm64-musl/-/core-linux-arm64-musl-1.3.92.tgz",
            "integrity": "sha512-rOZtRcLj57MSAbiecMsqjzBcZDuaCZ8F6l6JDwGkQ7u1NYR57cqF0QDyU7RKS1Jq27Z/Vg21z5cwqoH5fLN+Sg==",
            "cpu": [
                "arm64"
            ],
            "optional": true,
            "os": [
                "linux"
            ],
            "engines": {
                "node": ">=10"
            }
        },
        "node_modules/@swc/core-linux-x64-gnu": {
            "version": "1.3.92",
            "resolved": "https://registry.npmjs.org/@swc/core-linux-x64-gnu/-/core-linux-x64-gnu-1.3.92.tgz",
            "integrity": "sha512-qptoMGnBL6v89x/Qpn+l1TH1Y0ed+v0qhNfAEVzZvCvzEMTFXphhlhYbDdpxbzRmCjH6GOGq7Y+xrWt9T1/ARg==",
            "cpu": [
                "x64"
            ],
            "optional": true,
            "os": [
                "linux"
            ],
            "engines": {
                "node": ">=10"
            }
        },
        "node_modules/@swc/core-linux-x64-musl": {
            "version": "1.3.92",
            "resolved": "https://registry.npmjs.org/@swc/core-linux-x64-musl/-/core-linux-x64-musl-1.3.92.tgz",
            "integrity": "sha512-g2KrJ43bZkCZHH4zsIV5ErojuV1OIpUHaEyW1gf7JWKaFBpWYVyubzFPvPkjcxHGLbMsEzO7w/NVfxtGMlFH/Q==",
            "cpu": [
                "x64"
            ],
            "optional": true,
            "os": [
                "linux"
            ],
            "engines": {
                "node": ">=10"
            }
        },
        "node_modules/@swc/core-win32-arm64-msvc": {
            "version": "1.3.92",
            "resolved": "https://registry.npmjs.org/@swc/core-win32-arm64-msvc/-/core-win32-arm64-msvc-1.3.92.tgz",
            "integrity": "sha512-3MCRGPAYDoQ8Yyd3WsCMc8eFSyKXY5kQLyg/R5zEqA0uthomo0m0F5/fxAJMZGaSdYkU1DgF73ctOWOf+Z/EzQ==",
            "cpu": [
                "arm64"
            ],
            "optional": true,
            "os": [
                "win32"
            ],
            "engines": {
                "node": ">=10"
            }
        },
        "node_modules/@swc/core-win32-ia32-msvc": {
            "version": "1.3.92",
            "resolved": "https://registry.npmjs.org/@swc/core-win32-ia32-msvc/-/core-win32-ia32-msvc-1.3.92.tgz",
            "integrity": "sha512-zqTBKQhgfWm73SVGS8FKhFYDovyRl1f5dTX1IwSKynO0qHkRCqJwauFJv/yevkpJWsI2pFh03xsRs9HncTQKSA==",
            "cpu": [
                "ia32"
            ],
            "optional": true,
            "os": [
                "win32"
            ],
            "engines": {
                "node": ">=10"
            }
        },
        "node_modules/@swc/core-win32-x64-msvc": {
            "version": "1.3.92",
            "resolved": "https://registry.npmjs.org/@swc/core-win32-x64-msvc/-/core-win32-x64-msvc-1.3.92.tgz",
            "integrity": "sha512-41bE66ddr9o/Fi1FBh0sHdaKdENPTuDpv1IFHxSg0dJyM/jX8LbkjnpdInYXHBxhcLVAPraVRrNsC4SaoPw2Pg==",
            "cpu": [
                "x64"
            ],
            "optional": true,
            "os": [
                "win32"
            ],
            "engines": {
                "node": ">=10"
            }
        },
        "node_modules/@swc/counter": {
            "version": "0.1.2",
            "resolved": "https://registry.npmjs.org/@swc/counter/-/counter-0.1.2.tgz",
            "integrity": "sha512-9F4ys4C74eSTEUNndnER3VJ15oru2NumfQxS8geE+f3eB5xvfxpWyqE5XlVnxb/R14uoXi6SLbBwwiDSkv+XEw=="
        },
        "node_modules/@swc/types": {
            "version": "0.1.5",
            "resolved": "https://registry.npmjs.org/@swc/types/-/types-0.1.5.tgz",
            "integrity": "sha512-myfUej5naTBWnqOCc/MdVOLVjXUXtIA+NpDrDBKJtLLg2shUjBu3cZmB/85RyitKc55+lUUyl7oRfLOvkr2hsw=="
        }
    }
}
